
Microsoft Visual Studio Solution File, Format Version 12.00
# Visual Studio 15
VisualStudioVersion = 15.0.28307.1169
MinimumVisualStudioVersion = 10.0.40219.1
Project("{D2ABAB84-BF74-430A-B69E-9DC6D40DDA17}") = "MultidimensionalProject1", "MultidimensionalProject1\MultidimensionalProject1.dwproj", "{CE1F4E3E-DDAE-4498-A7A9-893E76A438AC}"
EndProject
Global
	GlobalSection(SolutionConfigurationPlatforms) = preSolution
		Development|Default = Development|Default
	EndGlobalSection
	GlobalSection(ProjectConfigurationPlatforms) = postSolution
		{CE1F4E3E-DDAE-4498-A7A9-893E76A438AC}.Development|Default.ActiveCfg = Development
		{CE1F4E3E-DDAE-4498-A7A9-893E76A438AC}.Development|Default.Build.0 = Development
		{CE1F4E3E-DDAE-4498-A7A9-893E76A438AC}.Development|Default.Deploy.0 = Development
	EndGlobalSection
	GlobalSection(SolutionProperties) = preSolution
		HideSolutionNode = FALSE
	EndGlobalSection
	GlobalSection(ExtensibilityGlobals) = postSolution
		SolutionGuid = {0F3626E9-DCA5-434C-AC26-4B92CCA02772}
	EndGlobalSection
EndGlobal
